Microsoft Visual Studio Solution File, Format Version 11.00
# Visual Studio 2008

Project("{ECBEC02D-FA99-7024-3DE4-7D41FD032608}") = "Attraction", "Assembly-CSharp.csproj", "{36B360F5-7662-2AA5-D5E0-157DB1015C5E}"
EndProject
Global
	GlobalSection(SolutionConfigurationPlatforms) = preSolution
		Debug|Any CPU = Debug|Any CPU
		Release|Any CPU = Release|Any CPU
	EndGlobalSection
	GlobalSection(ProjectConfigurationPlatforms) = postSolution
		{36B360F5-7662-2AA5-D5E0-157DB1015C5E}.Debug|Any CPU.ActiveCfg = Debug|Any CPU
		{36B360F5-7662-2AA5-D5E0-157DB1015C5E}.Debug|Any CPU.Build.0 = Debug|Any CPU
		{36B360F5-7662-2AA5-D5E0-157DB1015C5E}.Release|Any CPU.ActiveCfg = Release|Any CPU
		{36B360F5-7662-2AA5-D5E0-157DB1015C5E}.Release|Any CPU.Build.0 = Release|Any CPU
	EndGlobalSection
	GlobalSection(SolutionProperties) = preSolution
		HideSolutionNode = FALSE
	EndGlobalSection
	GlobalSection(MonoDevelopProperties) = preSolution
		StartupItem = Assembly-CSharp.csproj
	EndGlobalSection
EndGlobal
